
Microsoft Visual Studio Solution File, Format Version 12.00
# Visual Studio Version 16
VisualStudioVersion = 16.0.31402.337
MinimumVisualStudioVersion = 10.0.40219.1
Project("{9A19103F-16F7-4668-BE54-9A1E7A4F7556}") = "BikeRent", "BikeRent\BikeRent.csproj", "{751B2742-9D78-4BEA-A266-92BF3C2DBE65}"
EndProject
Project("{9A19103F-16F7-4668-BE54-9A1E7A4F7556}") = "DataLibrary", "DataLibrary\DataLibrary.csproj", "{726DC692-A569-43F4-9951-94749948BC9E}"
EndProject
Project("{FAE04EC0-301F-11D3-BF4B-00C04F79EFBC}") = "BikeRent.Test", "BikeRent.Test\BikeRent.Test.csproj", "{FFC4700F-EB88-4DCE-B03B-5F17511BED8E}"
EndProject
Global
	GlobalSection(SolutionConfigurationPlatforms) = preSolution
		Debug|Any CPU = Debug|Any CPU
		Release|Any CPU = Release|Any CPU
	EndGlobalSection
	GlobalSection(ProjectConfigurationPlatforms) = postSolution
		{751B2742-9D78-4BEA-A266-92BF3C2DBE65}.Debug|Any CPU.ActiveCfg = Debug|Any CPU
		{751B2742-9D78-4BEA-A266-92BF3C2DBE65}.Debug|Any CPU.Build.0 = Debug|Any CPU
		{751B2742-9D78-4BEA-A266-92BF3C2DBE65}.Release|Any CPU.ActiveCfg = Release|Any CPU
		{751B2742-9D78-4BEA-A266-92BF3C2DBE65}.Release|Any CPU.Build.0 = Release|Any CPU
		{726DC692-A569-43F4-9951-94749948BC9E}.Debug|Any CPU.ActiveCfg = Debug|Any CPU
		{726DC692-A569-43F4-9951-94749948BC9E}.Debug|Any CPU.Build.0 = Debug|Any CPU
		{726DC692-A569-43F4-9951-94749948BC9E}.Release|Any CPU.ActiveCfg = Release|Any CPU
		{726DC692-A569-43F4-9951-94749948BC9E}.Release|Any CPU.Build.0 = Release|Any CPU
		{FFC4700F-EB88-4DCE-B03B-5F17511BED8E}.Debug|Any CPU.ActiveCfg = Debug|Any CPU
		{FFC4700F-EB88-4DCE-B03B-5F17511BED8E}.Debug|Any CPU.Build.0 = Debug|Any CPU
		{FFC4700F-EB88-4DCE-B03B-5F17511BED8E}.Release|Any CPU.ActiveCfg = Release|Any CPU
		{FFC4700F-EB88-4DCE-B03B-5F17511BED8E}.Release|Any CPU.Build.0 = Release|Any CPU
	EndGlobalSection
	GlobalSection(SolutionProperties) = preSolution
		HideSolutionNode = FALSE
	EndGlobalSection
	GlobalSection(ExtensibilityGlobals) = postSolution
		SolutionGuid = {8C5F2098-261A-4265-9024-B6B230AAA145}
	EndGlobalSection
EndGlobal
